{
  "requires": true,
  "lockfileVersion": 1,
  "dependencies": {
    "remove-accents": {
      "version": "0.4.2",
      "resolved": "https://registry.npmjs.org/remove-accents/-/remove-accents-0.4.2.tgz",
      "integrity": "sha1-CkPTqq4egNuRngeuJUsoXZ4ce7U="
    },
    "remove-accents-diacritics": {
      "version": "1.0.2",
      "resolved": "https://registry.npmjs.org/remove-accents-diacritics/-/remove-accents-diacritics-1.0.2.tgz",
      "integrity": "sha1-Na7hB31qnVAKkbUjvWsMwbxOXeE="
    }
  }
}
